{
    "_readme": [
        "This file locks the dependencies of your project to a known state",
        "Read more about it at https://getcomposer.org/doc/01-basic-usage.md#installing-dependencies",
        "This file is @generated automatically"
    ],
    "content-hash": "b12ed0d486025e2551dc65746435c936",
    "packages": [
        {
            "name": "aristath/kirki",
            "version": "4.1.0",
            "source": {
                "type": "git",
                "url": "https://github.com/kirki-framework/kirki.git",
                "reference": "c173513717c42cf176f55dd888b9656adb9a5e05"
            },
            "dist": {
                "type": "zip",
                "url": "https://api.github.com/repos/kirki-framework/kirki/zipball/c173513717c42cf176f55dd888b9656adb9a5e05",
                "reference": "c173513717c42cf176f55dd888b9656adb9a5e05",
                "shasum": ""
            },
            "require": {
                "php": ">=7.0"
            },
            "require-dev": {
                "composer/installers": "*",
                "dealerdirect/phpcodesniffer-composer-installer": "*",
                "phpcompatibility/phpcompatibility-wp": "*",
                "wp-coding-standards/wpcs": "*",
                "wptrt/wpthemereview": "dev-develop"
            },
            "type": "library",
            "autoload": {
                "psr-4": {
                    "Kirki\\": [
                        "packages/control-base/src",
                        "packages/control-checkbox/src",
                        "packages/control-code/src",
                        "packages/control-color/src",
                        "packages/control-color-palette/src",
                        "packages/control-cropped-image/src",
                        "packages/control-custom/src",
                        "packages/control-dashicons/src",
                        "packages/control-date/src",
                        "packages/control-dimension/src",
                        "packages/control-editor/src",
                        "packages/control-generic/src",
                        "packages/control-image/src",
                        "packages/control-multicheck/src",
                        "packages/control-palette/src",
                        "packages/control-radio/src",
                        "packages/control-react-colorful/src",
                        "packages/control-react-select/src",
                        "packages/control-repeater/src",
                        "packages/control-select/src",
                        "packages/control-slider/src",
                        "packages/control-sortable/src",
                        "packages/control-upload/src",
                        "packages/field/src",
                        "packages/googlefonts/src",
                        "packages/l10n/src",
                        "packages/module-panels/src",
                        "packages/module-sections/src",
                        "packages/url-getter/src"
                    ],
                    "Kirki\\Data\\": [
                        "packages/data-option/src"
                    ],
                    "Kirki\\Util\\": [
                        "packages/util/src"
                    ],
                    "Kirki\\Field\\": [
                        "packages/field/src/Field",
                        "packages/field-background/src",
                        "packages/field-dimensions/src",
                        "packages/field-fontawesome/src",
                        "packages/field-multicolor/src/Field",
                        "packages/field-multicolor/src",
                        "packages/field-typography/src/Field",
                        "packages/field-typography/src"
                    ],
                    "Kirki\\Module\\": [
                        "packages/module-css/src",
                        "packages/module-editor-styles/src",
                        "packages/module-field-dependencies/src",
                        "packages/module-postmessage/src",
                        "packages/module-preset/src",
                        "packages/module-section-icons/src",
                        "packages/module-selective-refresh/src",
                        "packages/module-tooltips/src",
                        "packages/module-webfonts/src"
                    ],
                    "Kirki\\Settings\\": [
                        "packages/settings/src"
                    ],
                    "Kirki\\Compatibility\\": [
                        "packages/compatibility/src"
                    ]
                }
            },
            "notification-url": "https://packagist.org/downloads/",
            "include-path": [
                ".",
                "core"
            ],
            "license": [
                "MIT"
            ],
            "authors": [
                {
                    "name": "Kirki Framework",
                    "email": "connect@mapsteps.com"
                }
            ],
            "description": "Extending the WordPress customizer",
            "homepage": "https://kirki.org",
            "keywords": [
                "customizer",
                "wordpress"
            ],
            "support": {
                "issues": "https://github.com/kirki-framework/kirki/issues",
                "source": "https://github.com/kirki-framework/kirki/tree/v4.1.0"
            },
            "time": "2023-02-07T14:56:30+00:00"
        }
    ],
    "packages-dev": [
        {
            "name": "squizlabs/php_codesniffer",
            "version": "3.6.2",
            "source": {
                "type": "git",
                "url": "https://github.com/squizlabs/PHP_CodeSniffer.git",
                "reference": "5e4e71592f69da17871dba6e80dd51bce74a351a"
            },
            "dist": {
                "type": "zip",
                "url": "https://api.github.com/repos/squizlabs/PHP_CodeSniffer/zipball/5e4e71592f69da17871dba6e80dd51bce74a351a",
                "reference": "5e4e71592f69da17871dba6e80dd51bce74a351a",
                "shasum": ""
            },
            "require": {
                "ext-simplexml": "*",
                "ext-tokenizer": "*",
                "ext-xmlwriter": "*",
                "php": ">=5.4.0"
            },
            "require-dev": {
                "phpunit/phpunit": "^4.0 || ^5.0 || ^6.0 || ^7.0"
            },
            "bin": [
                "bin/phpcs",
                "bin/phpcbf"
            ],
            "type": "library",
            "extra": {
                "branch-alias": {
                    "dev-master": "3.x-dev"
                }
            },
            "notification-url": "https://packagist.org/downloads/",
            "license": [
                "BSD-3-Clause"
            ],
            "authors": [
                {
                    "name": "Greg Sherwood",
                    "role": "lead"
                }
            ],
            "description": "PHP_CodeSniffer tokenizes PHP, JavaScript and CSS files and detects violations of a defined set of coding standards.",
            "homepage": "https://github.com/squizlabs/PHP_CodeSniffer",
            "keywords": [
                "phpcs",
                "standards"
            ],
            "support": {
                "issues": "https://github.com/squizlabs/PHP_CodeSniffer/issues",
                "source": "https://github.com/squizlabs/PHP_CodeSniffer",
                "wiki": "https://github.com/squizlabs/PHP_CodeSniffer/wiki"
            },
            "time": "2021-12-12T21:44:58+00:00"
        },
        {
            "name": "wp-coding-standards/wpcs",
            "version": "2.3.0",
            "source": {
                "type": "git",
                "url": "https://github.com/WordPress/WordPress-Coding-Standards.git",
                "reference": "7da1894633f168fe244afc6de00d141f27517b62"
            },
            "dist": {
                "type": "zip",
                "url": "https://api.github.com/repos/WordPress/WordPress-Coding-Standards/zipball/7da1894633f168fe244afc6de00d141f27517b62",
                "reference": "7da1894633f168fe244afc6de00d141f27517b62",
                "shasum": ""
            },
            "require": {
                "php": ">=5.4",
                "squizlabs/php_codesniffer": "^3.3.1"
            },
            "require-dev": {
                "dealerdirect/phpcodesniffer-composer-installer": "^0.5 || ^0.6",
                "phpcompatibility/php-compatibility": "^9.0",
                "phpcsstandards/phpcsdevtools": "^1.0",
                "phpunit/phpunit": "^4.0 || ^5.0 || ^6.0 || ^7.0"
            },
            "suggest": {
                "dealerdirect/phpcodesniffer-composer-installer": "^0.6 || This Composer plugin will sort out the PHPCS 'installed_paths' automatically."
            },
            "type": "phpcodesniffer-standard",
            "notification-url": "https://packagist.org/downloads/",
            "license": [
                "MIT"
            ],
            "authors": [
                {
                    "name": "Contributors",
                    "homepage": "https://github.com/WordPress/WordPress-Coding-Standards/graphs/contributors"
                }
            ],
            "description": "PHP_CodeSniffer rules (sniffs) to enforce WordPress coding conventions",
            "keywords": [
                "phpcs",
                "standards",
                "wordpress"
            ],
            "support": {
                "issues": "https://github.com/WordPress/WordPress-Coding-Standards/issues",
                "source": "https://github.com/WordPress/WordPress-Coding-Standards",
                "wiki": "https://github.com/WordPress/WordPress-Coding-Standards/wiki"
            },
            "time": "2020-05-13T23:57:56+00:00"
        }
    ],
    "aliases": [],
    "minimum-stability": "stable",
    "stability-flags": [],
    "prefer-stable": false,
    "prefer-lowest": false,
    "platform": [],
    "platform-dev": [],
    "plugin-api-version": "2.1.0"
}
